
Microsoft Visual Studio Solution File, Format Version 12.00
Project("{FAE04EC0-301F-11D3-BF4B-00C04F79EFBC}") = "BlazorLiveChatWebSocketExercise", "BlazorLiveChatWebSocketExercise\BlazorLiveChatWebSocketExercise.csproj", "{4051072D-09F9-498E-8634-D2E4AE27EC21}"
EndProject
Project("{FAE04EC0-301F-11D3-BF4B-00C04F79EFBC}") = "BlazorSignalRExercise.Client", "BlazorSignalRExercise.Client\BlazorSignalRExercise.Client.csproj", "{8C9D877B-5860-49D7-8A7D-06AF00BE358F}"
EndProject
Project("{FAE04EC0-301F-11D3-BF4B-00C04F79EFBC}") = "BlazorSingalRExercise.Server", "BlazorSingalRExercise.Server\BlazorSingalRExercise.Server.csproj", "{7D795191-ED13-48E1-9E67-34910D52DDEF}"
EndProject
Global
	GlobalSection(SolutionConfigurationPlatforms) = preSolution
		Debug|Any CPU = Debug|Any CPU
		Release|Any CPU = Release|Any CPU
	EndGlobalSection
	GlobalSection(ProjectConfigurationPlatforms) = postSolution
		{4051072D-09F9-498E-8634-D2E4AE27EC21}.Debug|Any CPU.ActiveCfg = Debug|Any CPU
		{4051072D-09F9-498E-8634-D2E4AE27EC21}.Debug|Any CPU.Build.0 = Debug|Any CPU
		{4051072D-09F9-498E-8634-D2E4AE27EC21}.Release|Any CPU.ActiveCfg = Release|Any CPU
		{4051072D-09F9-498E-8634-D2E4AE27EC21}.Release|Any CPU.Build.0 = Release|Any CPU
		{8C9D877B-5860-49D7-8A7D-06AF00BE358F}.Debug|Any CPU.ActiveCfg = Debug|Any CPU
		{8C9D877B-5860-49D7-8A7D-06AF00BE358F}.Debug|Any CPU.Build.0 = Debug|Any CPU
		{8C9D877B-5860-49D7-8A7D-06AF00BE358F}.Release|Any CPU.ActiveCfg = Release|Any CPU
		{8C9D877B-5860-49D7-8A7D-06AF00BE358F}.Release|Any CPU.Build.0 = Release|Any CPU
		{7D795191-ED13-48E1-9E67-34910D52DDEF}.Debug|Any CPU.ActiveCfg = Debug|Any CPU
		{7D795191-ED13-48E1-9E67-34910D52DDEF}.Debug|Any CPU.Build.0 = Debug|Any CPU
		{7D795191-ED13-48E1-9E67-34910D52DDEF}.Release|Any CPU.ActiveCfg = Release|Any CPU
		{7D795191-ED13-48E1-9E67-34910D52DDEF}.Release|Any CPU.Build.0 = Release|Any CPU
	EndGlobalSection
EndGlobal
