
Microsoft Visual Studio Solution File, Format Version 12.00
Project("{FAE04EC0-301F-11D3-BF4B-00C04F79EFBC}") = "GrpcServer", "GrpcServer\GrpcServer.csproj", "{6C6C3534-DE02-46E8-B4D7-6897DA03C70D}"
EndProject
Project("{FAE04EC0-301F-11D3-BF4B-00C04F79EFBC}") = "GrpcClientConsole", "GrpcClientConsole\GrpcClientConsole.csproj", "{880E22CE-619C-4C28-AA50-10D1E4C509EC}"
EndProject
Global
	GlobalSection(SolutionConfigurationPlatforms) = preSolution
		Debug|Any CPU = Debug|Any CPU
		Release|Any CPU = Release|Any CPU
	EndGlobalSection
	GlobalSection(ProjectConfigurationPlatforms) = postSolution
		{6C6C3534-DE02-46E8-B4D7-6897DA03C70D}.Debug|Any CPU.ActiveCfg = Debug|Any CPU
		{6C6C3534-DE02-46E8-B4D7-6897DA03C70D}.Debug|Any CPU.Build.0 = Debug|Any CPU
		{6C6C3534-DE02-46E8-B4D7-6897DA03C70D}.Release|Any CPU.ActiveCfg = Release|Any CPU
		{6C6C3534-DE02-46E8-B4D7-6897DA03C70D}.Release|Any CPU.Build.0 = Release|Any CPU
		{880E22CE-619C-4C28-AA50-10D1E4C509EC}.Debug|Any CPU.ActiveCfg = Debug|Any CPU
		{880E22CE-619C-4C28-AA50-10D1E4C509EC}.Debug|Any CPU.Build.0 = Debug|Any CPU
		{880E22CE-619C-4C28-AA50-10D1E4C509EC}.Release|Any CPU.ActiveCfg = Release|Any CPU
		{880E22CE-619C-4C28-AA50-10D1E4C509EC}.Release|Any CPU.Build.0 = Release|Any CPU
	EndGlobalSection
EndGlobal
